
Microsoft Visual Studio Solution File, Format Version 12.00
# Visual Studio Version 16
VisualStudioVersion = 16.0.31515.178
MinimumVisualStudioVersion = 10.0.40219.1
Project("{FAE04EC0-301F-11D3-BF4B-00C04F79EFBC}") = "TicTacToe", "TicTacToe\TicTacToe.csproj", "{5EE7CF37-B67B-44C1-A803-AA0FB732BDA5}"
EndProject
Global
	GlobalSection(SolutionConfigurationPlatforms) = preSolution
		Debug|Any CPU = Debug|Any CPU
		Release|Any CPU = Release|Any CPU
	EndGlobalSection
	GlobalSection(ProjectConfigurationPlatforms) = postSolution
		{5EE7CF37-B67B-44C1-A803-AA0FB732BDA5}.Debug|Any CPU.ActiveCfg = Debug|Any CPU
		{5EE7CF37-B67B-44C1-A803-AA0FB732BDA5}.Debug|Any CPU.Build.0 = Debug|Any CPU
		{5EE7CF37-B67B-44C1-A803-AA0FB732BDA5}.Release|Any CPU.ActiveCfg = Release|Any CPU
		{5EE7CF37-B67B-44C1-A803-AA0FB732BDA5}.Release|Any CPU.Build.0 = Release|Any CPU
	EndGlobalSection
	GlobalSection(SolutionProperties) = preSolution
		HideSolutionNode = FALSE
	EndGlobalSection
	GlobalSection(ExtensibilityGlobals) = postSolution
		SolutionGuid = {482AB095-0FE1-42F2-9D90-0FC84AB387B5}
	EndGlobalSection
EndGlobal
